{
    "name": "freshapp",
    "version": "0.0.1",
    "lockfileVersion": 1,
    "requires": true,
    "dependencies": {
        "@types/node": {
            "version": "12.7.2",
            "resolved": "https://registry.npmjs.org/@types/node/-/node-12.7.2.tgz",
            "integrity": "sha512-dyYO+f6ihZEtNPDcWNR1fkoTDf3zAK3lAABDze3mz6POyIercH0lEUawUFXlG8xaQZmm1yEBON/4TsYv/laDYg=="
        },
        "ws": {
            "version": "7.4.6",
            "resolved": "https://registry.npmjs.org/ws/-/ws-7.4.6.tgz",
            "integrity": "sha512-YmhHDO4MzaDLB+M9ym/mDA5z0naX8j7SIlT8f8z+I0VtzsRbekxEutHSme7NPS2qE8StCYQNUnfWdXta/Yu85A=="
        }
    }
}
